
Microsoft Visual Studio Solution File, Format Version 12.00
# Visual Studio 15
VisualStudioVersion = 15.0.26430.6
MinimumVisualStudioVersion = 10.0.40219.1
Project("{FAE04EC0-301F-11D3-BF4B-00C04F79EFBC}") = "lock关键字测试，希望知道用两个指向同一个obj的对象，能否锁住", "lockTest\lock关键字测试，希望知道用两个指向同一个obj的对象，能否锁住.csproj", "{33B30038-239F-4A43-9CE1-F8EB9C9DCFCB}"
EndProject
Project("{FAE04EC0-301F-11D3-BF4B-00C04F79EFBC}") = "System.Net下各个不同类的作用", "System.Net下各个不同类的作用\System.Net下各个不同类的作用.csproj", "{9418D72F-67BA-4421-AE08-83873C45427B}"
EndProject
Project("{FAE04EC0-301F-11D3-BF4B-00C04F79EFBC}") = "vs进行单元测试", "vs进行单元测试\vs进行单元测试.csproj", "{D1D27F74-D337-4B63-A066-226D9C889EF8}"
EndProject
Project("{FAE04EC0-301F-11D3-BF4B-00C04F79EFBC}") = "vs进行单元测试TestProject", "vs进行单元测试TestProject\vs进行单元测试TestProject.csproj", "{08F84CFD-F349-4AD9-B6BA-D6C96A889140}"
EndProject
Project("{2150E333-8FDC-42A3-9474-1A3956D46DE8}") = "Solution Items", "Solution Items", "{A856353E-CFCA-460C-82AD-8998545BFA16}"
	ProjectSection(SolutionItems) = preProject
		Local.testsettings = Local.testsettings
		readme.txt = readme.txt
		TraceAndTestImpact.testsettings = TraceAndTestImpact.testsettings
		杨怿炜的测试垃圾箱.vsmdi = 杨怿炜的测试垃圾箱.vsmdi
	EndProjectSection
EndProject
Project("{FAE04EC0-301F-11D3-BF4B-00C04F79EFBC}") = "String引用传值还是值传值测试", "String引用传值还是值传值测试\String引用传值还是值传值测试.csproj", "{2D2E2641-E423-4FE2-998B-2DD350BC5630}"
EndProject
Project("{FAE04EC0-301F-11D3-BF4B-00C04F79EFBC}") = "可空int计算测试", "可空int计算测试\可空int计算测试.csproj", "{8B9357E7-8EF0-43D6-8F3C-355EFE58465F}"
EndProject
Project("{FAE04EC0-301F-11D3-BF4B-00C04F79EFBC}") = "Train", "Train\Train.csproj", "{A347F990-24A7-4C48-B3AC-116B85E51B3D}"
EndProject
Project("{FAE04EC0-301F-11D3-BF4B-00C04F79EFBC}") = "Task与Await关系验证", "Task与Await关系验证\Task与Await关系验证.csproj", "{B72DD362-0ED6-401F-A88D-C260893023D2}"
EndProject
Project("{FAE04EC0-301F-11D3-BF4B-00C04F79EFBC}") = "Task类研究", "Task类研究\Task类研究.csproj", "{87FB0484-D876-470A-B36B-4AD2C3A6E18D}"
EndProject
Global
	GlobalSection(SolutionConfigurationPlatforms) = preSolution
		Debug|Any CPU = Debug|Any CPU
		Debug|Mixed Platforms = Debug|Mixed Platforms
		Debug|x86 = Debug|x86
		Release|Any CPU = Release|Any CPU
		Release|Mixed Platforms = Release|Mixed Platforms
		Release|x86 = Release|x86
	EndGlobalSection
	GlobalSection(ProjectConfigurationPlatforms) = postSolution
		{33B30038-239F-4A43-9CE1-F8EB9C9DCFCB}.Debug|Any CPU.ActiveCfg = Debug|x86
		{33B30038-239F-4A43-9CE1-F8EB9C9DCFCB}.Debug|Mixed Platforms.ActiveCfg = Debug|x86
		{33B30038-239F-4A43-9CE1-F8EB9C9DCFCB}.Debug|Mixed Platforms.Build.0 = Debug|x86
		{33B30038-239F-4A43-9CE1-F8EB9C9DCFCB}.Debug|x86.ActiveCfg = Debug|x86
		{33B30038-239F-4A43-9CE1-F8EB9C9DCFCB}.Debug|x86.Build.0 = Debug|x86
		{33B30038-239F-4A43-9CE1-F8EB9C9DCFCB}.Release|Any CPU.ActiveCfg = Release|x86
		{33B30038-239F-4A43-9CE1-F8EB9C9DCFCB}.Release|Mixed Platforms.ActiveCfg = Release|x86
		{33B30038-239F-4A43-9CE1-F8EB9C9DCFCB}.Release|Mixed Platforms.Build.0 = Release|x86
		{33B30038-239F-4A43-9CE1-F8EB9C9DCFCB}.Release|x86.ActiveCfg = Release|x86
		{33B30038-239F-4A43-9CE1-F8EB9C9DCFCB}.Release|x86.Build.0 = Release|x86
		{9418D72F-67BA-4421-AE08-83873C45427B}.Debug|Any CPU.ActiveCfg = Debug|x86
		{9418D72F-67BA-4421-AE08-83873C45427B}.Debug|Mixed Platforms.ActiveCfg = Debug|x86
		{9418D72F-67BA-4421-AE08-83873C45427B}.Debug|Mixed Platforms.Build.0 = Debug|x86
		{9418D72F-67BA-4421-AE08-83873C45427B}.Debug|x86.ActiveCfg = Debug|x86
		{9418D72F-67BA-4421-AE08-83873C45427B}.Debug|x86.Build.0 = Debug|x86
		{9418D72F-67BA-4421-AE08-83873C45427B}.Release|Any CPU.ActiveCfg = Release|x86
		{9418D72F-67BA-4421-AE08-83873C45427B}.Release|Mixed Platforms.ActiveCfg = Release|x86
		{9418D72F-67BA-4421-AE08-83873C45427B}.Release|Mixed Platforms.Build.0 = Release|x86
		{9418D72F-67BA-4421-AE08-83873C45427B}.Release|x86.ActiveCfg = Release|x86
		{9418D72F-67BA-4421-AE08-83873C45427B}.Release|x86.Build.0 = Release|x86
		{D1D27F74-D337-4B63-A066-226D9C889EF8}.Debug|Any CPU.ActiveCfg = Debug|Any CPU
		{D1D27F74-D337-4B63-A066-226D9C889EF8}.Debug|Any CPU.Build.0 = Debug|Any CPU
		{D1D27F74-D337-4B63-A066-226D9C889EF8}.Debug|Mixed Platforms.ActiveCfg = Debug|Any CPU
		{D1D27F74-D337-4B63-A066-226D9C889EF8}.Debug|Mixed Platforms.Build.0 = Debug|Any CPU
		{D1D27F74-D337-4B63-A066-226D9C889EF8}.Debug|x86.ActiveCfg = Debug|Any CPU
		{D1D27F74-D337-4B63-A066-226D9C889EF8}.Release|Any CPU.ActiveCfg = Release|Any CPU
		{D1D27F74-D337-4B63-A066-226D9C889EF8}.Release|Any CPU.Build.0 = Release|Any CPU
		{D1D27F74-D337-4B63-A066-226D9C889EF8}.Release|Mixed Platforms.ActiveCfg = Release|Any CPU
		{D1D27F74-D337-4B63-A066-226D9C889EF8}.Release|Mixed Platforms.Build.0 = Release|Any CPU
		{D1D27F74-D337-4B63-A066-226D9C889EF8}.Release|x86.ActiveCfg = Release|Any CPU
		{08F84CFD-F349-4AD9-B6BA-D6C96A889140}.Debug|Any CPU.ActiveCfg = Debug|Any CPU
		{08F84CFD-F349-4AD9-B6BA-D6C96A889140}.Debug|Any CPU.Build.0 = Debug|Any CPU
		{08F84CFD-F349-4AD9-B6BA-D6C96A889140}.Debug|Mixed Platforms.ActiveCfg = Debug|Any CPU
		{08F84CFD-F349-4AD9-B6BA-D6C96A889140}.Debug|Mixed Platforms.Build.0 = Debug|Any CPU
		{08F84CFD-F349-4AD9-B6BA-D6C96A889140}.Debug|x86.ActiveCfg = Debug|Any CPU
		{08F84CFD-F349-4AD9-B6BA-D6C96A889140}.Release|Any CPU.ActiveCfg = Release|Any CPU
		{08F84CFD-F349-4AD9-B6BA-D6C96A889140}.Release|Any CPU.Build.0 = Release|Any CPU
		{08F84CFD-F349-4AD9-B6BA-D6C96A889140}.Release|Mixed Platforms.ActiveCfg = Release|Any CPU
		{08F84CFD-F349-4AD9-B6BA-D6C96A889140}.Release|Mixed Platforms.Build.0 = Release|Any CPU
		{08F84CFD-F349-4AD9-B6BA-D6C96A889140}.Release|x86.ActiveCfg = Release|Any CPU
		{2D2E2641-E423-4FE2-998B-2DD350BC5630}.Debug|Any CPU.ActiveCfg = Debug|x86
		{2D2E2641-E423-4FE2-998B-2DD350BC5630}.Debug|Mixed Platforms.ActiveCfg = Debug|x86
		{2D2E2641-E423-4FE2-998B-2DD350BC5630}.Debug|Mixed Platforms.Build.0 = Debug|x86
		{2D2E2641-E423-4FE2-998B-2DD350BC5630}.Debug|x86.ActiveCfg = Debug|x86
		{2D2E2641-E423-4FE2-998B-2DD350BC5630}.Debug|x86.Build.0 = Debug|x86
		{2D2E2641-E423-4FE2-998B-2DD350BC5630}.Release|Any CPU.ActiveCfg = Release|x86
		{2D2E2641-E423-4FE2-998B-2DD350BC5630}.Release|Mixed Platforms.ActiveCfg = Release|x86
		{2D2E2641-E423-4FE2-998B-2DD350BC5630}.Release|Mixed Platforms.Build.0 = Release|x86
		{2D2E2641-E423-4FE2-998B-2DD350BC5630}.Release|x86.ActiveCfg = Release|x86
		{2D2E2641-E423-4FE2-998B-2DD350BC5630}.Release|x86.Build.0 = Release|x86
		{8B9357E7-8EF0-43D6-8F3C-355EFE58465F}.Debug|Any CPU.ActiveCfg = Debug|x86
		{8B9357E7-8EF0-43D6-8F3C-355EFE58465F}.Debug|Mixed Platforms.ActiveCfg = Debug|x86
		{8B9357E7-8EF0-43D6-8F3C-355EFE58465F}.Debug|Mixed Platforms.Build.0 = Debug|x86
		{8B9357E7-8EF0-43D6-8F3C-355EFE58465F}.Debug|x86.ActiveCfg = Debug|x86
		{8B9357E7-8EF0-43D6-8F3C-355EFE58465F}.Debug|x86.Build.0 = Debug|x86
		{8B9357E7-8EF0-43D6-8F3C-355EFE58465F}.Release|Any CPU.ActiveCfg = Release|x86
		{8B9357E7-8EF0-43D6-8F3C-355EFE58465F}.Release|Mixed Platforms.ActiveCfg = Release|x86
		{8B9357E7-8EF0-43D6-8F3C-355EFE58465F}.Release|Mixed Platforms.Build.0 = Release|x86
		{8B9357E7-8EF0-43D6-8F3C-355EFE58465F}.Release|x86.ActiveCfg = Release|x86
		{8B9357E7-8EF0-43D6-8F3C-355EFE58465F}.Release|x86.Build.0 = Release|x86
		{A347F990-24A7-4C48-B3AC-116B85E51B3D}.Debug|Any CPU.ActiveCfg = Debug|x86
		{A347F990-24A7-4C48-B3AC-116B85E51B3D}.Debug|Mixed Platforms.ActiveCfg = Debug|x86
		{A347F990-24A7-4C48-B3AC-116B85E51B3D}.Debug|Mixed Platforms.Build.0 = Debug|x86
		{A347F990-24A7-4C48-B3AC-116B85E51B3D}.Debug|x86.ActiveCfg = Debug|x86
		{A347F990-24A7-4C48-B3AC-116B85E51B3D}.Debug|x86.Build.0 = Debug|x86
		{A347F990-24A7-4C48-B3AC-116B85E51B3D}.Release|Any CPU.ActiveCfg = Release|x86
		{A347F990-24A7-4C48-B3AC-116B85E51B3D}.Release|Mixed Platforms.ActiveCfg = Release|x86
		{A347F990-24A7-4C48-B3AC-116B85E51B3D}.Release|Mixed Platforms.Build.0 = Release|x86
		{A347F990-24A7-4C48-B3AC-116B85E51B3D}.Release|x86.ActiveCfg = Release|x86
		{A347F990-24A7-4C48-B3AC-116B85E51B3D}.Release|x86.Build.0 = Release|x86
		{B72DD362-0ED6-401F-A88D-C260893023D2}.Debug|Any CPU.ActiveCfg = Debug|Any CPU
		{B72DD362-0ED6-401F-A88D-C260893023D2}.Debug|Any CPU.Build.0 = Debug|Any CPU
		{B72DD362-0ED6-401F-A88D-C260893023D2}.Debug|Mixed Platforms.ActiveCfg = Debug|Any CPU
		{B72DD362-0ED6-401F-A88D-C260893023D2}.Debug|Mixed Platforms.Build.0 = Debug|Any CPU
		{B72DD362-0ED6-401F-A88D-C260893023D2}.Debug|x86.ActiveCfg = Debug|Any CPU
		{B72DD362-0ED6-401F-A88D-C260893023D2}.Debug|x86.Build.0 = Debug|Any CPU
		{B72DD362-0ED6-401F-A88D-C260893023D2}.Release|Any CPU.ActiveCfg = Release|Any CPU
		{B72DD362-0ED6-401F-A88D-C260893023D2}.Release|Any CPU.Build.0 = Release|Any CPU
		{B72DD362-0ED6-401F-A88D-C260893023D2}.Release|Mixed Platforms.ActiveCfg = Release|Any CPU
		{B72DD362-0ED6-401F-A88D-C260893023D2}.Release|Mixed Platforms.Build.0 = Release|Any CPU
		{B72DD362-0ED6-401F-A88D-C260893023D2}.Release|x86.ActiveCfg = Release|Any CPU
		{B72DD362-0ED6-401F-A88D-C260893023D2}.Release|x86.Build.0 = Release|Any CPU
		{87FB0484-D876-470A-B36B-4AD2C3A6E18D}.Debug|Any CPU.ActiveCfg = Debug|Any CPU
		{87FB0484-D876-470A-B36B-4AD2C3A6E18D}.Debug|Any CPU.Build.0 = Debug|Any CPU
		{87FB0484-D876-470A-B36B-4AD2C3A6E18D}.Debug|Mixed Platforms.ActiveCfg = Debug|Any CPU
		{87FB0484-D876-470A-B36B-4AD2C3A6E18D}.Debug|Mixed Platforms.Build.0 = Debug|Any CPU
		{87FB0484-D876-470A-B36B-4AD2C3A6E18D}.Debug|x86.ActiveCfg = Debug|Any CPU
		{87FB0484-D876-470A-B36B-4AD2C3A6E18D}.Debug|x86.Build.0 = Debug|Any CPU
		{87FB0484-D876-470A-B36B-4AD2C3A6E18D}.Release|Any CPU.ActiveCfg = Release|Any CPU
		{87FB0484-D876-470A-B36B-4AD2C3A6E18D}.Release|Any CPU.Build.0 = Release|Any CPU
		{87FB0484-D876-470A-B36B-4AD2C3A6E18D}.Release|Mixed Platforms.ActiveCfg = Release|Any CPU
		{87FB0484-D876-470A-B36B-4AD2C3A6E18D}.Release|Mixed Platforms.Build.0 = Release|Any CPU
		{87FB0484-D876-470A-B36B-4AD2C3A6E18D}.Release|x86.ActiveCfg = Release|Any CPU
		{87FB0484-D876-470A-B36B-4AD2C3A6E18D}.Release|x86.Build.0 = Release|Any CPU
	EndGlobalSection
	GlobalSection(SolutionProperties) = preSolution
		HideSolutionNode = FALSE
	EndGlobalSection
	GlobalSection(TestCaseManagementSettings) = postSolution
		CategoryFile = 杨怿炜的测试垃圾箱.vsmdi
	EndGlobalSection
EndGlobal
